// !$*UTF8*$!
{
	archiveVersion = 1;
	classes = {
	};
	objectVersion = 46;
	objects = {

/* Begin PBXBuildFile section */
		451D38F321188C80006E3B79 /* WeatherItem.m in Sources */ = {isa = PBXBuildFile; fileRef = 451D38F121188C80006E3B79 /* WeatherItem.m */; };
		451D38F421188C80006E3B79 /* WeatherItem.xib in Resources */ = {isa = PBXBuildFile; fileRef = 451D38F221188C80006E3B79 /* WeatherItem.xib */; };
		452D09F7211B3D1300510295 /* CollectionsViewController.mm in Sources */ = {isa = PBXBuildFile; fileRef = 452D09F6211B3D1300510295 /* CollectionsViewController.mm */; };
		452D09FD211B6D2400510295 /* WindowController.mm in Sources */ = {isa = PBXBuildFile; fileRef = 452D09FC211B6D2400510295 /* WindowController.mm */; };
		452D0A00211B76FE00510295 /* AddingCityViewController.mm in Sources */ = {isa = PBXBuildFile; fileRef = 452D09FF211B76FE00510295 /* AddingCityViewController.mm */; };
		4574726721148BA50076D630 /* AppDelegate.m in Sources */ = {isa = PBXBuildFile; fileRef = 4574726621148BA50076D630 /* AppDelegate.m */; };
		4574726A21148BA50076D630 /* main.m in Sources */ = {isa = PBXBuildFile; fileRef = 4574726921148BA50076D630 /* main.m */; };
		4574726D21148BA50076D630 /* ViewController.mm in Sources */ = {isa = PBXBuildFile; fileRef = 4574726C21148BA50076D630 /* ViewController.mm */; };
		4574726F21148BA50076D630 /* Assets.xcassets in Resources */ = {isa = PBXBuildFile; fileRef = 4574726E21148BA50076D630 /* Assets.xcassets */; };
		4574727221148BA50076D630 /* Main.storyboard in Resources */ = {isa = PBXBuildFile; fileRef = 4574727021148BA50076D630 /* Main.storyboard */; };
		45778338211C9892003E27DE /* CurrentConditionViewController.mm in Sources */ = {isa = PBXBuildFile; fileRef = 45778337211C9892003E27DE /* CurrentConditionViewController.mm */; };
		4577833B211CA7FC003E27DE /* MySignal.cpp in Sources */ = {isa = PBXBuildFile; fileRef = 45778339211CA7FC003E27DE /* MySignal.cpp */; };
		45EC11CC2115BD910025F5D0 /* Model.mm in Sources */ = {isa = PBXBuildFile; fileRef = 45EC11CA2115BD910025F5D0 /* Model.mm */; };
		45EC11D02115BFD30025F5D0 /* Manager.mm in Sources */ = {isa = PBXBuildFile; fileRef = 45EC11CE2115BFD30025F5D0 /* Manager.mm */; };
		45EC11D22115C0670025F5D0 /* WeatherLoader.m in Sources */ = {isa = PBXBuildFile; fileRef = 45EC11D12115C0670025F5D0 /* WeatherLoader.m */; };
/* End PBXBuildFile section */

/* Begin PBXFileReference section */
		451D38F021188C80006E3B79 /* WeatherItem.h */ = {isa = PBXFileReference; fileEncoding = 4; lastKnownFileType = sourcecode.c.h; path = WeatherItem.h; sourceTree = "<group>"; };
		451D38F121188C80006E3B79 /* WeatherItem.m */ = {isa = PBXFileReference; fileEncoding = 4; lastKnownFileType = sourcecode.c.objc; path = WeatherItem.m; sourceTree = "<group>"; };
		451D38F221188C80006E3B79 /* WeatherItem.xib */ = {isa = PBXFileReference; fileEncoding = 4; lastKnownFileType = file.xib; path = WeatherItem.xib; sourceTree = "<group>"; };
		452D09F5211B3D1300510295 /* CollectionsViewController.h */ = {isa = PBXFileReference; fileEncoding = 4; lastKnownFileType = sourcecode.c.h; path = CollectionsViewController.h; sourceTree = "<group>"; };
		452D09F6211B3D1300510295 /* CollectionsViewController.mm */ = {isa = PBXFileReference; fileEncoding = 4; lastKnownFileType = sourcecode.cpp.objcpp; path = CollectionsViewController.mm; sourceTree = "<group>"; };
		452D09FB211B6D2400510295 /* WindowController.h */ = {isa = PBXFileReference; fileEncoding = 4; lastKnownFileType = sourcecode.c.h; path = WindowController.h; sourceTree = "<group>"; };
		452D09FC211B6D2400510295 /* WindowController.mm */ = {isa = PBXFileReference; fileEncoding = 4; lastKnownFileType = sourcecode.cpp.objcpp; path = WindowController.mm; sourceTree = "<group>"; };
		452D09FE211B76FE00510295 /* AddingCityViewController.h */ = {isa = PBXFileReference; fileEncoding = 4; lastKnownFileType = sourcecode.c.h; path = AddingCityViewController.h; sourceTree = "<group>"; };
		452D09FF211B76FE00510295 /* AddingCityViewController.mm */ = {isa = PBXFileReference; fileEncoding = 4; lastKnownFileType = sourcecode.cpp.objcpp; path = AddingCityViewController.mm; sourceTree = "<group>"; };
		4574726221148BA50076D630 /* Weather forecast app.app */ = {isa = PBXFileReference; explicitFileType = wrapper.application; includeInIndex = 0; path = "Weather forecast app.app"; sourceTree = BUILT_PRODUCTS_DIR; };
		4574726521148BA50076D630 /* AppDelegate.h */ = {isa = PBXFileReference; lastKnownFileType = sourcecode.c.h; path = AppDelegate.h; sourceTree = "<group>"; };
		4574726621148BA50076D630 /* AppDelegate.m */ = {isa = PBXFileReference; lastKnownFileType = sourcecode.c.objc; path = AppDelegate.m; sourceTree = "<group>"; };
		4574726921148BA50076D630 /* main.m */ = {isa = PBXFileReference; lastKnownFileType = sourcecode.c.objc; path = main.m; sourceTree = "<group>"; };
		4574726B21148BA50076D630 /* ViewController.h */ = {isa = PBXFileReference; lastKnownFileType = sourcecode.c.h; path = ViewController.h; sourceTree = "<group>"; };
		4574726C21148BA50076D630 /* ViewController.mm */ = {isa = PBXFileReference; lastKnownFileType = sourcecode.cpp.objcpp; path = ViewController.mm; sourceTree = "<group>"; };
		4574726E21148BA50076D630 /* Assets.xcassets */ = {isa = PBXFileReference; lastKnownFileType = folder.assetcatalog; path = Assets.xcassets; sourceTree = "<group>"; };
		4574727121148BA50076D630 /* Base */ = {isa = PBXFileReference; lastKnownFileType = file.storyboard; name = Base; path = Base.lproj/Main.storyboard; sourceTree = "<group>"; };
		4574727321148BA50076D630 /* Info.plist */ = {isa = PBXFileReference; lastKnownFileType = text.plist.xml; path = Info.plist; sourceTree = "<group>"; };
		45778336211C9892003E27DE /* CurrentConditionViewController.h */ = {isa = PBXFileReference; fileEncoding = 4; lastKnownFileType = sourcecode.c.h; path = CurrentConditionViewController.h; sourceTree = "<group>"; };
		45778337211C9892003E27DE /* CurrentConditionViewController.mm */ = {isa = PBXFileReference; fileEncoding = 4; lastKnownFileType = sourcecode.cpp.objcpp; path = CurrentConditionViewController.mm; sourceTree = "<group>"; };
		45778339211CA7FC003E27DE /* MySignal.cpp */ = {isa = PBXFileReference; fileEncoding = 4; lastKnownFileType = sourcecode.cpp.cpp; path = MySignal.cpp; sourceTree = "<group>"; };
		4577833A211CA7FC003E27DE /* MySignal.hpp */ = {isa = PBXFileReference; fileEncoding = 4; lastKnownFileType = sourcecode.cpp.h; path = MySignal.hpp; sourceTree = "<group>"; };
		45EC11CA2115BD910025F5D0 /* Model.mm */ = {isa = PBXFileReference; fileEncoding = 4; lastKnownFileType = sourcecode.cpp.objcpp; path = Model.mm; sourceTree = "<group>"; };
		45EC11CB2115BD910025F5D0 /* Model.h */ = {isa = PBXFileReference; fileEncoding = 4; lastKnownFileType = sourcecode.c.h; path = Model.h; sourceTree = "<group>"; };
		45EC11CE2115BFD30025F5D0 /* Manager.mm */ = {isa = PBXFileReference; fileEncoding = 4; lastKnownFileType = sourcecode.cpp.objcpp; path = Manager.mm; sourceTree = "<group>"; };
		45EC11CF2115BFD30025F5D0 /* Manager.h */ = {isa = PBXFileReference; fileEncoding = 4; lastKnownFileType = sourcecode.c.h; path = Manager.h; sourceTree = "<group>"; };
		45EC11D12115C0670025F5D0 /* WeatherLoader.m */ = {isa = PBXFileReference; fileEncoding = 4; lastKnownFileType = sourcecode.c.objc; path = WeatherLoader.m; sourceTree = "<group>"; };
		45EC11D32115C0810025F5D0 /* WeatherLoader.h */ = {isa = PBXFileReference; lastKnownFileType = sourcecode.c.h; path = WeatherLoader.h; sourceTree = "<group>"; };
/* End PBXFileReference section */

/* Begin PBXFrameworksBuildPhase section */
		4574725F21148BA50076D630 /* Frameworks */ = {
			isa = PBXFrameworksBuildPhase;
			buildActionMask = 2147483647;
			files = (
			);
			runOnlyForDeploymentPostprocessing = 0;
		};
/* End PBXFrameworksBuildPhase section */

/* Begin PBXGroup section */
		457118A62119D22A00ADF99F /* WetherItem */ = {
			isa = PBXGroup;
			children = (
				451D38F021188C80006E3B79 /* WeatherItem.h */,
				451D38F121188C80006E3B79 /* WeatherItem.m */,
				451D38F221188C80006E3B79 /* WeatherItem.xib */,
			);
			name = WetherItem;
			sourceTree = "<group>";
		};
		457118A72119D24600ADF99F /* Model and Manager */ = {
			isa = PBXGroup;
			children = (
				4577833C211CA813003E27DE /* MySignal */,
				45778331211C45C7003E27DE /* C++ Model */,
				4577832F211C44BD003E27DE /* C++ Manager */,
			);
			name = "Model and Manager";
			sourceTree = "<group>";
		};
		4574725921148BA50076D630 = {
			isa = PBXGroup;
			children = (
				4574726421148BA50076D630 /* Weather forecast app */,
				4574726321148BA50076D630 /* Products */,
			);
			sourceTree = "<group>";
		};
		4574726321148BA50076D630 /* Products */ = {
			isa = PBXGroup;
			children = (
				4574726221148BA50076D630 /* Weather forecast app.app */,
			);
			name = Products;
			sourceTree = "<group>";
		};
		4574726421148BA50076D630 /* Weather forecast app */ = {
			isa = PBXGroup;
			children = (
				4577832E211C40F5003E27DE /* CollectionsController */,
				457118A72119D24600ADF99F /* Model and Manager */,
				452D09FB211B6D2400510295 /* WindowController.h */,
				452D09FC211B6D2400510295 /* WindowController.mm */,
				4574726521148BA50076D630 /* AppDelegate.h */,
				4574726621148BA50076D630 /* AppDelegate.m */,
				4574726B21148BA50076D630 /* ViewController.h */,
				4574726C21148BA50076D630 /* ViewController.mm */,
				4574726E21148BA50076D630 /* Assets.xcassets */,
				4574727021148BA50076D630 /* Main.storyboard */,
				4574726821148BA50076D630 /* Supporting Files */,
				4574727321148BA50076D630 /* Info.plist */,
				452D09FE211B76FE00510295 /* AddingCityViewController.h */,
				452D09FF211B76FE00510295 /* AddingCityViewController.mm */,
				45778336211C9892003E27DE /* CurrentConditionViewController.h */,
				45778337211C9892003E27DE /* CurrentConditionViewController.mm */,
			);
			path = "Weather forecast app";
			sourceTree = "<group>";
		};
		4574726821148BA50076D630 /* Supporting Files */ = {
			isa = PBXGroup;
			children = (
				4574726921148BA50076D630 /* main.m */,
			);
			name = "Supporting Files";
			sourceTree = "<group>";
		};
		4577832E211C40F5003E27DE /* CollectionsController */ = {
			isa = PBXGroup;
			children = (
				457118A62119D22A00ADF99F /* WetherItem */,
				452D09F5211B3D1300510295 /* CollectionsViewController.h */,
				452D09F6211B3D1300510295 /* CollectionsViewController.mm */,
			);
			name = CollectionsController;
			sourceTree = "<group>";
		};
		4577832F211C44BD003E27DE /* C++ Manager */ = {
			isa = PBXGroup;
			children = (
				45EC11CF2115BFD30025F5D0 /* Manager.h */,
				45EC11CE2115BFD30025F5D0 /* Manager.mm */,
			);
			name = "C++ Manager";
			sourceTree = "<group>";
		};
		45778331211C45C7003E27DE /* C++ Model */ = {
			isa = PBXGroup;
			children = (
				45778332211C45E8003E27DE /* Obj-C WeatherLoader */,
				45EC11CB2115BD910025F5D0 /* Model.h */,
				45EC11CA2115BD910025F5D0 /* Model.mm */,
			);
			name = "C++ Model";
			sourceTree = "<group>";
		};
		45778332211C45E8003E27DE /* Obj-C WeatherLoader */ = {
			isa = PBXGroup;
			children = (
				45EC11D12115C0670025F5D0 /* WeatherLoader.m */,
				45EC11D32115C0810025F5D0 /* WeatherLoader.h */,
			);
			name = "Obj-C WeatherLoader";
			sourceTree = "<group>";
		};
		4577833C211CA813003E27DE /* MySignal */ = {
			isa = PBXGroup;
			children = (
				4577833A211CA7FC003E27DE /* MySignal.hpp */,
				45778339211CA7FC003E27DE /* MySignal.cpp */,
			);
			name = MySignal;
			sourceTree = "<group>";
		};
/* End PBXGroup section */

/* Begin PBXNativeTarget section */
		4574726121148BA50076D630 /* Weather forecast app */ = {
			isa = PBXNativeTarget;
			buildConfigurationList = 4574727621148BA50076D630 /* Build configuration list for PBXNativeTarget "Weather forecast app" */;
			buildPhases = (
				4574725E21148BA50076D630 /* Sources */,
				4574725F21148BA50076D630 /* Frameworks */,
				4574726021148BA50076D630 /* Resources */,
			);
			buildRules = (
			);
			dependencies = (
			);
			name = "Weather forecast app";
			productName = "Weather forecast app";
			productReference = 4574726221148BA50076D630 /* Weather forecast app.app */;
			productType = "com.apple.product-type.application";
		};
/* End PBXNativeTarget section */

/* Begin PBXProject section */
		4574725A21148BA50076D630 /* Project object */ = {
			isa = PBXProject;
			attributes = {
				LastUpgradeCheck = 0730;
				ORGANIZATIONNAME = "Slavik Gusarov";
				TargetAttributes = {
					4574726121148BA50076D630 = {
						CreatedOnToolsVersion = 7.3.1;
					};
				};
			};
			buildConfigurationList = 4574725D21148BA50076D630 /* Build configuration list for PBXProject "Weather forecast app" */;
			compatibilityVersion = "Xcode 3.2";
			developmentRegion = English;
			hasScannedForEncodings = 0;
			knownRegions = (
				en,
				Base,
			);
			mainGroup = 4574725921148BA50076D630;
			productRefGroup = 4574726321148BA50076D630 /* Products */;
			projectDirPath = "";
			projectRoot = "";
			targets = (
				4574726121148BA50076D630 /* Weather forecast app */,
			);
		};
/* End PBXProject section */

/* Begin PBXResourcesBuildPhase section */
		4574726021148BA50076D630 /* Resources */ = {
			isa = PBXResourcesBuildPhase;
			buildActionMask = 2147483647;
			files = (
				451D38F421188C80006E3B79 /* WeatherItem.xib in Resources */,
				4574726F21148BA50076D630 /* Assets.xcassets in Resources */,
				4574727221148BA50076D630 /* Main.storyboard in Resources */,
			);
			runOnlyForDeploymentPostprocessing = 0;
		};
/* End PBXResourcesBuildPhase section */

/* Begin PBXSourcesBuildPhase section */
		4574725E21148BA50076D630 /* Sources */ = {
			isa = PBXSourcesBuildPhase;
			buildActionMask = 2147483647;
			files = (
				452D0A00211B76FE00510295 /* AddingCityViewController.mm in Sources */,
				4574726D21148BA50076D630 /* ViewController.mm in Sources */,
				4574726A21148BA50076D630 /* main.m in Sources */,
				45EC11D02115BFD30025F5D0 /* Manager.mm in Sources */,
				452D09F7211B3D1300510295 /* CollectionsViewController.mm in Sources */,
				4574726721148BA50076D630 /* AppDelegate.m in Sources */,
				45EC11CC2115BD910025F5D0 /* Model.mm in Sources */,
				452D09FD211B6D2400510295 /* WindowController.mm in Sources */,
				451D38F321188C80006E3B79 /* WeatherItem.m in Sources */,
				45EC11D22115C0670025F5D0 /* WeatherLoader.m in Sources */,
				45778338211C9892003E27DE /* CurrentConditionViewController.mm in Sources */,
				4577833B211CA7FC003E27DE /* MySignal.cpp in Sources */,
			);
			runOnlyForDeploymentPostprocessing = 0;
		};
/* End PBXSourcesBuildPhase section */

/* Begin PBXVariantGroup section */
		4574727021148BA50076D630 /* Main.storyboard */ = {
			isa = PBXVariantGroup;
			children = (
				4574727121148BA50076D630 /* Base */,
			);
			name = Main.storyboard;
			sourceTree = "<group>";
		};
/* End PBXVariantGroup section */

/* Begin XCBuildConfiguration section */
		4574727421148BA50076D630 /* Debug */ = {
			isa = XCBuildConfiguration;
			buildSettings = {
				ALWAYS_SEARCH_USER_PATHS = NO;
				CLANG_ANALYZER_NONNULL = YES;
				CLANG_CXX_LANGUAGE_STANDARD = "gnu++0x";
				CLANG_CXX_LIBRARY = "libc++";
				CLANG_ENABLE_MODULES = YES;
				CLANG_ENABLE_OBJC_ARC = YES;
				CLANG_WARN_BOOL_CONVERSION = YES;
				CLANG_WARN_CONSTANT_CONVERSION = YES;
				CLANG_WARN_DIRECT_OBJC_ISA_USAGE = YES_ERROR;
				CLANG_WARN_EMPTY_BODY = YES;
				CLANG_WARN_ENUM_CONVERSION = YES;
				CLANG_WARN_INT_CONVERSION = YES;
				CLANG_WARN_OBJC_ROOT_CLASS = YES_ERROR;
				CLANG_WARN_UNREACHABLE_CODE = YES;
				CLANG_WARN__DUPLICATE_METHOD_MATCH = YES;
				CODE_SIGN_IDENTITY = "-";
				COPY_PHASE_STRIP = NO;
				DEBUG_INFORMATION_FORMAT = dwarf;
				ENABLE_STRICT_OBJC_MSGSEND = YES;
				ENABLE_TESTABILITY = YES;
				GCC_C_LANGUAGE_STANDARD = gnu99;
				GCC_DYNAMIC_NO_PIC = NO;
				GCC_NO_COMMON_BLOCKS = YES;
				GCC_OPTIMIZATION_LEVEL = 0;
				GCC_PREPROCESSOR_DEFINITIONS = (
					"DEBUG=1",
					"$(inherited)",
				);
				GCC_WARN_64_TO_32_BIT_CONVERSION = YES;
				GCC_WARN_ABOUT_RETURN_TYPE = YES_ERROR;
				GCC_WARN_UNDECLARED_SELECTOR = YES;
				GCC_WARN_UNINITIALIZED_AUTOS = YES_AGGRESSIVE;
				GCC_WARN_UNUSED_FUNCTION = YES;
				GCC_WARN_UNUSED_VARIABLE = YES;
				MACOSX_DEPLOYMENT_TARGET = 10.12;
				MTL_ENABLE_DEBUG_INFO = YES;
				ONLY_ACTIVE_ARCH = YES;
				SDKROOT = macosx;
			};
			name = Debug;
		};
		4574727521148BA50076D630 /* Release */ = {
			isa = XCBuildConfiguration;
			buildSettings = {
				ALWAYS_SEARCH_USER_PATHS = NO;
				CLANG_ANALYZER_NONNULL = YES;
				CLANG_CXX_LANGUAGE_STANDARD = "gnu++0x";
				CLANG_CXX_LIBRARY = "libc++";
				CLANG_ENABLE_MODULES = YES;
				CLANG_ENABLE_OBJC_ARC = YES;
				CLANG_WARN_BOOL_CONVERSION = YES;
				CLANG_WARN_CONSTANT_CONVERSION = YES;
				CLANG_WARN_DIRECT_OBJC_ISA_USAGE = YES_ERROR;
				CLANG_WARN_EMPTY_BODY = YES;
				CLANG_WARN_ENUM_CONVERSION = YES;
				CLANG_WARN_INT_CONVERSION = YES;
				CLANG_WARN_OBJC_ROOT_CLASS = YES_ERROR;
				CLANG_WARN_UNREACHABLE_CODE = YES;
				CLANG_WARN__DUPLICATE_METHOD_MATCH = YES;
				CODE_SIGN_IDENTITY = "-";
				COPY_PHASE_STRIP = NO;
				DEBUG_INFORMATION_FORMAT = "dwarf-with-dsym";
				ENABLE_NS_ASSERTIONS = NO;
				ENABLE_STRICT_OBJC_MSGSEND = YES;
				GCC_C_LANGUAGE_STANDARD = gnu99;
				GCC_NO_COMMON_BLOCKS = YES;
				GCC_WARN_64_TO_32_BIT_CONVERSION = YES;
				GCC_WARN_ABOUT_RETURN_TYPE = YES_ERROR;
				GCC_WARN_UNDECLARED_SELECTOR = YES;
				GCC_WARN_UNINITIALIZED_AUTOS = YES_AGGRESSIVE;
				GCC_WARN_UNUSED_FUNCTION = YES;
				GCC_WARN_UNUSED_VARIABLE = YES;
				MACOSX_DEPLOYMENT_TARGET = 10.12;
				MTL_ENABLE_DEBUG_INFO = NO;
				SDKROOT = macosx;
			};
			name = Release;
		};
		4574727721148BA50076D630 /* Debug */ = {
			isa = XCBuildConfiguration;
			buildSettings = {
				ASSETCATALOG_COMPILER_APPICON_NAME = AppIcon;
				COMBINE_HIDPI_IMAGES = YES;
				INFOPLIST_FILE = "Weather forecast app/Info.plist";
				LD_RUNPATH_SEARCH_PATHS = "$(inherited) @executable_path/../Frameworks";
				MACOSX_DEPLOYMENT_TARGET = 10.11;
				PRODUCT_BUNDLE_IDENTIFIER = "student.Weather-forecast-app";
				PRODUCT_NAME = "$(TARGET_NAME)";
			};
			name = Debug;
		};
		4574727821148BA50076D630 /* Release */ = {
			isa = XCBuildConfiguration;
			buildSettings = {
				ASSETCATALOG_COMPILER_APPICON_NAME = AppIcon;
				COMBINE_HIDPI_IMAGES = YES;
				INFOPLIST_FILE = "Weather forecast app/Info.plist";
				LD_RUNPATH_SEARCH_PATHS = "$(inherited) @executable_path/../Frameworks";
				MACOSX_DEPLOYMENT_TARGET = 10.11;
				PRODUCT_BUNDLE_IDENTIFIER = "student.Weather-forecast-app";
				PRODUCT_NAME = "$(TARGET_NAME)";
			};
			name = Release;
		};
/* End XCBuildConfiguration section */

/* Begin XCConfigurationList section */
		4574725D21148BA50076D630 /* Build configuration list for PBXProject "Weather forecast app" */ = {
			isa = XCConfigurationList;
			buildConfigurations = (
				4574727421148BA50076D630 /* Debug */,
				4574727521148BA50076D630 /* Release */,
			);
			defaultConfigurationIsVisible = 0;
			defaultConfigurationName = Release;
		};
		4574727621148BA50076D630 /* Build configuration list for PBXNativeTarget "Weather forecast app" */ = {
			isa = XCConfigurationList;
			buildConfigurations = (
				4574727721148BA50076D630 /* Debug */,
				4574727821148BA50076D630 /* Release */,
			);
			defaultConfigurationIsVisible = 0;
			defaultConfigurationName = Release;
		};
/* End XCConfigurationList section */
	};
	rootObject = 4574725A21148BA50076D630 /* Project object */;
}
